{
  "name": "testkit",
  "version": "1.0.5",
  "lockfileVersion": 3,
  "requires": true,
  "packages": {
    "": {
      "name": "testkit",
      "version": "1.0.5",
      "license": "MIT",
      "dependencies": {
        "api": "github:treeder/api",
        "dotenv": "^17.2.1"
      },
      "bin": {
        "testkit": "bin/testkit.js"
      },
      "devDependencies": {
        "flaregun": "github:treeder/flaregun",
        "prettier": "^3.6.2"
      }
    },
    "node_modules/@luxass/strip-json-comments": {
      "version": "1.4.0",
      "resolved": "https://registry.npmjs.org/@luxass/strip-json-comments/-/strip-json-comments-1.4.0.tgz",
      "integrity": "sha512-Zl343to4u/t8jz1q7R/1UY6hLX+344cwPLEXsIYthVwdU5zyjuVBGcpf2E24+QZkwFfRfmnHTcscreQzWn3hiA==",
      "dev": true,
      "license": "MIT",
      "engines": {
        "node": ">=18"
      }
    },
    "node_modules/api": {
      "version": "0.2.25",
      "resolved": "git+ssh://git@github.com/treeder/api.git#990e9b15327c3088c6f9278c8ba412b098f52065",
      "license": "MIT"
    },
    "node_modules/dotenv": {
      "version": "17.2.2",
      "resolved": "https://registry.npmjs.org/dotenv/-/dotenv-17.2.2.tgz",
      "integrity": "sha512-Sf2LSQP+bOlhKWWyhFsn0UsfdK/kCWRv1iuA2gXAwt3dyNabr6QSj00I2V10pidqz69soatm9ZwZvpQMTIOd5Q==",
      "license": "BSD-2-Clause",
      "engines": {
        "node": ">=12"
      },
      "funding": {
        "url": "https://dotenvx.com"
      }
    },
    "node_modules/flaregun": {
      "version": "3.3.6",
      "resolved": "git+ssh://git@github.com/treeder/flaregun.git#74159db588ac213b9b3cf2572350221a9e12dbbe",
      "dev": true,
      "license": "MIT",
      "dependencies": {
        "api": "github:treeder/api",
        "dotenv": "^17.2.2",
        "jsonc-parse": "^1.5.5",
        "models": "github:treeder/models",
        "nanoid": "^5.0.6"
      },
      "bin": {
        "flaregun": "bin/flaregun.js"
      }
    },
    "node_modules/jsonc-parse": {
      "version": "1.5.5",
      "resolved": "https://registry.npmjs.org/jsonc-parse/-/jsonc-parse-1.5.5.tgz",
      "integrity": "sha512-6xSVqUb+VBwXSJoyDPzgK1toG+JoOcfjWrmZNBL5ZmKnokV9dLshqyLU8NkcLavKbT5tKEr+3T0d4/7d+wVdVw==",
      "dev": true,
      "license": "MIT",
      "dependencies": {
        "@luxass/strip-json-comments": "^1.3.2"
      },
      "engines": {
        "node": ">=18"
      }
    },
    "node_modules/models": {
      "version": "1.0.8",
      "resolved": "git+ssh://git@github.com/treeder/models.git#e296d493de9316864226c7d11495d87497437308",
      "dev": true,
      "license": "MIT"
    },
    "node_modules/nanoid": {
      "version": "5.1.6",
      "resolved": "https://registry.npmjs.org/nanoid/-/nanoid-5.1.6.tgz",
      "integrity": "sha512-c7+7RQ+dMB5dPwwCp4ee1/iV/q2P6aK1mTZcfr1BTuVlyW9hJYiMPybJCcnBlQtuSmTIWNeazm/zqNoZSSElBg==",
      "dev": true,
      "funding": [
        {
          "type": "github",
          "url": "https://github.com/sponsors/ai"
        }
      ],
      "license": "MIT",
      "bin": {
        "nanoid": "bin/nanoid.js"
      },
      "engines": {
        "node": "^18 || >=20"
      }
    },
    "node_modules/prettier": {
      "version": "3.6.2",
      "resolved": "https://registry.npmjs.org/prettier/-/prettier-3.6.2.tgz",
      "integrity": "sha512-I7AIg5boAr5R0FFtJ6rCfD+LFsWHp81dolrFD8S79U9tb8Az2nGrJncnMSnys+bpQJfRUzqs9hnA81OAA3hCuQ==",
      "dev": true,
      "license": "MIT",
      "bin": {
        "prettier": "bin/prettier.cjs"
      },
      "engines": {
        "node": ">=14"
      },
      "funding": {
        "url": "https://github.com/prettier/prettier?sponsor=1"
      }
    }
  }
}
